PODS:
  - Alamofire (3.4.0)
  - AlamofireImage (2.4.0):
    - Alamofire (~> 3.3)
  - Fuzi (0.3.1)
  - NSDate+TimeAgo (1.0.6)
  - Realm (1.0.0):
    - Realm/Headers (= 1.0.0)
  - Realm/Headers (1.0.0)
  - RealmSwift (1.0.0):
    - Realm (= 1.0.0)
  - SwiftString (0.5)
  - SwiftyJSON (2.3.2)
  - youtube-ios-player-helper (0.1.6)

DEPENDENCIES:
  - Alamofire (~> 3.3)
  - AlamofireImage (~> 2.0)
  - Fuzi (~> 0.3.0)
  - NSDate+TimeAgo (from `https://github.com/kevinlawler/NSDate-TimeAgo.git`)
  - RealmSwift
  - SwiftString
  - SwiftyJSON (from `https://github.com/SwiftyJSON/SwiftyJSON.git`)
  - youtube-ios-player-helper (~> 0.1.6)

EXTERNAL SOURCES:
  NSDate+TimeAgo:
    :git: https://github.com/kevinlawler/NSDate-TimeAgo.git
  SwiftyJSON:
    :git: https://github.com/SwiftyJSON/SwiftyJSON.git

CHECKOUT OPTIONS:
  NSDate+TimeAgo:
    :commit: 5048248ca73cde3904e6f9c37da638426217a85a
    :git: https://github.com/kevinlawler/NSDate-TimeAgo.git
  SwiftyJSON:
    :commit: 2a5b70f06001316d4fb54501edc70b4084705da0
    :git: https://github.com/SwiftyJSON/SwiftyJSON.git

SPEC CHECKSUMS:
  Alamofire: c19a627cefd6a95f840401c49ab1f124e07f54ee
  AlamofireImage: 87408b652e0f5ae5fe364035f15aea8b9b24c77e
  Fuzi: 25118b725a1637f1676f63ae1acbba1f30a5dd6c
  NSDate+TimeAgo: 35601c619b2d59290055e4fe76e61d97677a2360
  Realm: e15cd8e7c11d3e576f628ba0b7cb855269b4991c
  RealmSwift: 3229306d020d96f83b335f87a0dcbf2cef0e6a2b
  SwiftString: ec9c31c55b2aa147a1154f5f5f8483dc71e3165f
  SwiftyJSON: 04ccea08915aa0109039157c7974cf0298da292a
  youtube-ios-player-helper: 21ab92db027c7ff86cb17a3843a3f6eafc8158d2

COCOAPODS: 0.39.0
