// !$*UTF8*$!
{
	archiveVersion = 1;
	classes = {
	};
	objectVersion = 46;
	objects = {

/* Begin PBXBuildFile section */
		3D13BC951CD54AAF009193C4 /* MangoWritten.swift in Sources */ = {isa = PBXBuildFile; fileRef = 3D13BC941CD54AAF009193C4 /* MangoWritten.swift */; };
		3D13BC9B1CD5983C009193C4 /* MoreCommentCellView.swift in Sources */ = {isa = PBXBuildFile; fileRef = 3D13BC9A1CD5983C009193C4 /* MoreCommentCellView.swift */; };
		3D13BC9D1CD59AF6009193C4 /* CommentCellView.swift in Sources */ = {isa = PBXBuildFile; fileRef = 3D13BC9C1CD59AF6009193C4 /* CommentCellView.swift */; };
		3D13BC9F1CD5B3DD009193C4 /* NavigationDrawerViewController.swift in Sources */ = {isa = PBXBuildFile; fileRef = 3D13BC9E1CD5B3DD009193C4 /* NavigationDrawerViewController.swift */; };
		3D13BCA31CD5EEDC009193C4 /* NavigationViewController.swift in Sources */ = {isa = PBXBuildFile; fileRef = 3D13BCA21CD5EEDC009193C4 /* NavigationViewController.swift */; };
		3D13BCA51CD69524009193C4 /* HTMLParser.swift in Sources */ = {isa = PBXBuildFile; fileRef = 3D13BCA41CD69524009193C4 /* HTMLParser.swift */; };
		3D13BCA71CD69EA6009193C4 /* PreviewViewController.swift in Sources */ = {isa = PBXBuildFile; fileRef = 3D13BCA61CD69EA6009193C4 /* PreviewViewController.swift */; };
		3D1CC7091CE57216006F4CFD /* SubredditStore.swift in Sources */ = {isa = PBXBuildFile; fileRef = 3D1CC7081CE57216006F4CFD /* SubredditStore.swift */; };
		3D4A9A101CDAF2B700449959 /* Account.swift in Sources */ = {isa = PBXBuildFile; fileRef = 3D4A9A0F1CDAF2B700449959 /* Account.swift */; };
		3D4A9A121CDAF57200449959 /* LoginManager.swift in Sources */ = {isa = PBXBuildFile; fileRef = 3D4A9A111CDAF57100449959 /* LoginManager.swift */; };
		3D4A9A141CDAF6BF00449959 /* LoginViewController.swift in Sources */ = {isa = PBXBuildFile; fileRef = 3D4A9A131CDAF6BF00449959 /* LoginViewController.swift */; };
		3D4A9A171CDAF99C00449959 /* Keys.swift in Sources */ = {isa = PBXBuildFile; fileRef = 3D4A9A161CDAF99C00449959 /* Keys.swift */; };
		3D4AEF961CE2BF3C000ACEE4 /* Link.swift in Sources */ = {isa = PBXBuildFile; fileRef = 3D4AEF951CE2BF3C000ACEE4 /* Link.swift */; };
		3D4AEF991CE3CD1E000ACEE4 /* UIColor.swift in Sources */ = {isa = PBXBuildFile; fileRef = 3D4AEF981CE3CD1E000ACEE4 /* UIColor.swift */; };
		3D4AEF9B1CE3D4E8000ACEE4 /* Colors.swift in Sources */ = {isa = PBXBuildFile; fileRef = 3D4AEF9A1CE3D4E8000ACEE4 /* Colors.swift */; };
		3D4AEF9D1CE41EE4000ACEE4 /* Theme.swift in Sources */ = {isa = PBXBuildFile; fileRef = 3D4AEF9C1CE41EE4000ACEE4 /* Theme.swift */; };
		3D4DEE781CE17E6400DB4DAD /* BodyLabel.swift in Sources */ = {isa = PBXBuildFile; fileRef = 3D4DEE771CE17E6400DB4DAD /* BodyLabel.swift */; };
		3D4DEE7A1CE1836700DB4DAD /* BodyLabelDelegate.swift in Sources */ = {isa = PBXBuildFile; fileRef = 3D4DEE791CE1836700DB4DAD /* BodyLabelDelegate.swift */; };
		3D4EAE391CCB2E2E001C23AC /* AppDelegate.swift in Sources */ = {isa = PBXBuildFile; fileRef = 3D4EAE381CCB2E2E001C23AC /* AppDelegate.swift */; };
		3D4EAE421CCB2E2E001C23AC /* Assets.xcassets in Resources */ = {isa = PBXBuildFile; fileRef = 3D4EAE411CCB2E2E001C23AC /* Assets.xcassets */; };
		3D4EAE451CCB2E2E001C23AC /* LaunchScreen.storyboard in Resources */ = {isa = PBXBuildFile; fileRef = 3D4EAE431CCB2E2E001C23AC /* LaunchScreen.storyboard */; };
		3D4EAE4D1CCBFFC1001C23AC /* RedditAPI.swift in Sources */ = {isa = PBXBuildFile; fileRef = 3D4EAE4C1CCBFFC1001C23AC /* RedditAPI.swift */; };
		3D9CBE261CCC86370004EACC /* SubmissionImageCellView.swift in Sources */ = {isa = PBXBuildFile; fileRef = 3D9CBE251CCC86370004EACC /* SubmissionImageCellView.swift */; };
		3D9CBE281CCC9BF10004EACC /* Mango.swift in Sources */ = {isa = PBXBuildFile; fileRef = 3D9CBE271CCC9BF10004EACC /* Mango.swift */; };
		3D9CBE2C1CCD82900004EACC /* TextCommentCellView.swift in Sources */ = {isa = PBXBuildFile; fileRef = 3D9CBE2B1CCD82900004EACC /* TextCommentCellView.swift */; };
		3DD431361CE53E0900892CBB /* YouTubePreviewViewController.swift in Sources */ = {isa = PBXBuildFile; fileRef = 3DD431351CE53E0900892CBB /* YouTubePreviewViewController.swift */; };
		3DD431381CE5404400892CBB /* NSURL.swift in Sources */ = {isa = PBXBuildFile; fileRef = 3DD431371CE5404400892CBB /* NSURL.swift */; };
		3DF4EE641CD3110100985184 /* TextComment.swift in Sources */ = {isa = PBXBuildFile; fileRef = 3DF4EE631CD3110100985184 /* TextComment.swift */; };
		3DFBFE101CE9823100DEE6D4 /* SubmissionSelfPostCellView.swift in Sources */ = {isa = PBXBuildFile; fileRef = 3DFBFE0F1CE9823100DEE6D4 /* SubmissionSelfPostCellView.swift */; };
		5056F522FCC477BEE6475337 /* MoreComment.swift in Sources */ = {isa = PBXBuildFile; fileRef = 5056F72C1DF74F499B250156 /* MoreComment.swift */; };
		5056F646C416ADAA6764C5AD /* SubmissionViewController.swift in Sources */ = {isa = PBXBuildFile; fileRef = 5056FEF8C31C10C595281F16 /* SubmissionViewController.swift */; };
		5056F6FD12FB503AA6314F94 /* Comment.swift in Sources */ = {isa = PBXBuildFile; fileRef = 5056F7AAA2F11CFCDFA0E5F9 /* Comment.swift */; };
		5056F83AAD6949AB33478950 /* Subreddit.swift in Sources */ = {isa = PBXBuildFile; fileRef = 5056F7139AC0005D82CDC87D /* Subreddit.swift */; };
		5056F8F8C234C697A676DF09 /* Submission.swift in Sources */ = {isa = PBXBuildFile; fileRef = 5056FD916A6AA73ED01BA73C /* Submission.swift */; };
		5056F90CD7C987E083B8A6D4 /* SubmissionCellView.swift in Sources */ = {isa = PBXBuildFile; fileRef = 5056F484BCF5AB43FB1FF8EE /* SubmissionCellView.swift */; };
		5056F9EE31D841816201EEB7 /* CommentViewController.swift in Sources */ = {isa = PBXBuildFile; fileRef = 5056FCE017B2DD0B1EC97D0B /* CommentViewController.swift */; };
		5056FE9AC46822F4A2665389 /* SubmissionStore.swift in Sources */ = {isa = PBXBuildFile; fileRef = 5056F9DBA33BB2D69C3060CD /* SubmissionStore.swift */; };
		B6021B0FA50AD19ACB487910 /* Pods_Breadit.framework in Frameworks */ = {isa = PBXBuildFile; fileRef = D9C646CBF9733815AE70102B /* Pods_Breadit.framework */; };
/* End PBXBuildFile section */

/* Begin PBXFileReference section */
		3D13BC941CD54AAF009193C4 /* MangoWritten.swift */ = {isa = PBXFileReference; fileEncoding = 4; lastKnownFileType = sourcecode.swift; path = MangoWritten.swift; sourceTree = "<group>"; };
		3D13BC9A1CD5983C009193C4 /* MoreCommentCellView.swift */ = {isa = PBXFileReference; fileEncoding = 4; lastKnownFileType = sourcecode.swift; path = MoreCommentCellView.swift; sourceTree = "<group>"; };
		3D13BC9C1CD59AF6009193C4 /* CommentCellView.swift */ = {isa = PBXFileReference; fileEncoding = 4; lastKnownFileType = sourcecode.swift; path = CommentCellView.swift; sourceTree = "<group>"; };
		3D13BC9E1CD5B3DD009193C4 /* NavigationDrawerViewController.swift */ = {isa = PBXFileReference; fileEncoding = 4; lastKnownFileType = sourcecode.swift; path = NavigationDrawerViewController.swift; sourceTree = "<group>"; };
		3D13BCA21CD5EEDC009193C4 /* NavigationViewController.swift */ = {isa = PBXFileReference; fileEncoding = 4; lastKnownFileType = sourcecode.swift; path = NavigationViewController.swift; sourceTree = "<group>"; };
		3D13BCA41CD69524009193C4 /* HTMLParser.swift */ = {isa = PBXFileReference; fileEncoding = 4; lastKnownFileType = sourcecode.swift; path = HTMLParser.swift; sourceTree = "<group>"; };
		3D13BCA61CD69EA6009193C4 /* PreviewViewController.swift */ = {isa = PBXFileReference; fileEncoding = 4; lastKnownFileType = sourcecode.swift; path = PreviewViewController.swift; sourceTree = "<group>"; };
		3D1CC7081CE57216006F4CFD /* SubredditStore.swift */ = {isa = PBXFileReference; fileEncoding = 4; lastKnownFileType = sourcecode.swift; path = SubredditStore.swift; sourceTree = "<group>"; };
		3D4A9A0F1CDAF2B700449959 /* Account.swift */ = {isa = PBXFileReference; fileEncoding = 4; lastKnownFileType = sourcecode.swift; path = Account.swift; sourceTree = "<group>"; };
		3D4A9A111CDAF57100449959 /* LoginManager.swift */ = {isa = PBXFileReference; fileEncoding = 4; lastKnownFileType = sourcecode.swift; path = LoginManager.swift; sourceTree = "<group>"; };
		3D4A9A131CDAF6BF00449959 /* LoginViewController.swift */ = {isa = PBXFileReference; fileEncoding = 4; lastKnownFileType = sourcecode.swift; path = LoginViewController.swift; sourceTree = "<group>"; };
		3D4A9A161CDAF99C00449959 /* Keys.swift */ = {isa = PBXFileReference; fileEncoding = 4; lastKnownFileType = sourcecode.swift; path = Keys.swift; sourceTree = "<group>"; };
		3D4AEF951CE2BF3C000ACEE4 /* Link.swift */ = {isa = PBXFileReference; fileEncoding = 4; lastKnownFileType = sourcecode.swift; path = Link.swift; sourceTree = "<group>"; };
		3D4AEF981CE3CD1E000ACEE4 /* UIColor.swift */ = {isa = PBXFileReference; fileEncoding = 4; lastKnownFileType = sourcecode.swift; path = UIColor.swift; sourceTree = "<group>"; };
		3D4AEF9A1CE3D4E8000ACEE4 /* Colors.swift */ = {isa = PBXFileReference; fileEncoding = 4; lastKnownFileType = sourcecode.swift; path = Colors.swift; sourceTree = "<group>"; };
		3D4AEF9C1CE41EE4000ACEE4 /* Theme.swift */ = {isa = PBXFileReference; fileEncoding = 4; lastKnownFileType = sourcecode.swift; path = Theme.swift; sourceTree = "<group>"; };
		3D4DEE771CE17E6400DB4DAD /* BodyLabel.swift */ = {isa = PBXFileReference; fileEncoding = 4; lastKnownFileType = sourcecode.swift; path = BodyLabel.swift; sourceTree = "<group>"; };
		3D4DEE791CE1836700DB4DAD /* BodyLabelDelegate.swift */ = {isa = PBXFileReference; fileEncoding = 4; lastKnownFileType = sourcecode.swift; path = BodyLabelDelegate.swift; sourceTree = "<group>"; };
		3D4EAE351CCB2E2E001C23AC /* Breadit.app */ = {isa = PBXFileReference; explicitFileType = wrapper.application; includeInIndex = 0; path = Breadit.app; sourceTree = BUILT_PRODUCTS_DIR; };
		3D4EAE381CCB2E2E001C23AC /* AppDelegate.swift */ = {isa = PBXFileReference; lastKnownFileType = sourcecode.swift; path = AppDelegate.swift; sourceTree = "<group>"; };
		3D4EAE411CCB2E2E001C23AC /* Assets.xcassets */ = {isa = PBXFileReference; lastKnownFileType = folder.assetcatalog; path = Assets.xcassets; sourceTree = "<group>"; };
		3D4EAE441CCB2E2E001C23AC /* Base */ = {isa = PBXFileReference; lastKnownFileType = file.storyboard; name = Base; path = Base.lproj/LaunchScreen.storyboard; sourceTree = "<group>"; };
		3D4EAE461CCB2E2E001C23AC /* Info.plist */ = {isa = PBXFileReference; lastKnownFileType = text.plist.xml; path = Info.plist; sourceTree = "<group>"; };
		3D4EAE4C1CCBFFC1001C23AC /* RedditAPI.swift */ = {isa = PBXFileReference; fileEncoding = 4; lastKnownFileType = sourcecode.swift; path = RedditAPI.swift; sourceTree = "<group>"; };
		3D9CBE251CCC86370004EACC /* SubmissionImageCellView.swift */ = {isa = PBXFileReference; fileEncoding = 4; lastKnownFileType = sourcecode.swift; path = SubmissionImageCellView.swift; sourceTree = "<group>"; };
		3D9CBE271CCC9BF10004EACC /* Mango.swift */ = {isa = PBXFileReference; fileEncoding = 4; lastKnownFileType = sourcecode.swift; path = Mango.swift; sourceTree = "<group>"; };
		3D9CBE2B1CCD82900004EACC /* TextCommentCellView.swift */ = {isa = PBXFileReference; fileEncoding = 4; lastKnownFileType = sourcecode.swift; path = TextCommentCellView.swift; sourceTree = "<group>"; };
		3DD431351CE53E0900892CBB /* YouTubePreviewViewController.swift */ = {isa = PBXFileReference; fileEncoding = 4; lastKnownFileType = sourcecode.swift; path = YouTubePreviewViewController.swift; sourceTree = "<group>"; };
		3DD431371CE5404400892CBB /* NSURL.swift */ = {isa = PBXFileReference; fileEncoding = 4; lastKnownFileType = sourcecode.swift; path = NSURL.swift; sourceTree = "<group>"; };
		3DF4EE631CD3110100985184 /* TextComment.swift */ = {isa = PBXFileReference; fileEncoding = 4; lastKnownFileType = sourcecode.swift; path = TextComment.swift; sourceTree = "<group>"; };
		3DFBFE0F1CE9823100DEE6D4 /* SubmissionSelfPostCellView.swift */ = {isa = PBXFileReference; fileEncoding = 4; lastKnownFileType = sourcecode.swift; path = SubmissionSelfPostCellView.swift; sourceTree = "<group>"; };
		5056F484BCF5AB43FB1FF8EE /* SubmissionCellView.swift */ = {isa = PBXFileReference; fileEncoding = 4; lastKnownFileType = sourcecode.swift; path = SubmissionCellView.swift; sourceTree = "<group>"; };
		5056F7139AC0005D82CDC87D /* Subreddit.swift */ = {isa = PBXFileReference; fileEncoding = 4; lastKnownFileType = sourcecode.swift; path = Subreddit.swift; sourceTree = "<group>"; };
		5056F72C1DF74F499B250156 /* MoreComment.swift */ = {isa = PBXFileReference; fileEncoding = 4; lastKnownFileType = sourcecode.swift; path = MoreComment.swift; sourceTree = "<group>"; };
		5056F7AAA2F11CFCDFA0E5F9 /* Comment.swift */ = {isa = PBXFileReference; fileEncoding = 4; lastKnownFileType = sourcecode.swift; path = Comment.swift; sourceTree = "<group>"; };
		5056F9DBA33BB2D69C3060CD /* SubmissionStore.swift */ = {isa = PBXFileReference; fileEncoding = 4; lastKnownFileType = sourcecode.swift; path = SubmissionStore.swift; sourceTree = "<group>"; };
		5056FCE017B2DD0B1EC97D0B /* CommentViewController.swift */ = {isa = PBXFileReference; fileEncoding = 4; lastKnownFileType = sourcecode.swift; path = CommentViewController.swift; sourceTree = "<group>"; };
		5056FD916A6AA73ED01BA73C /* Submission.swift */ = {isa = PBXFileReference; fileEncoding = 4; lastKnownFileType = sourcecode.swift; path = Submission.swift; sourceTree = "<group>"; };
		5056FEF8C31C10C595281F16 /* SubmissionViewController.swift */ = {isa = PBXFileReference; fileEncoding = 4; lastKnownFileType = sourcecode.swift; path = SubmissionViewController.swift; sourceTree = "<group>"; };
		81F3F02BD989F1F0A6A87972 /* Pods-Breadit.release.xcconfig */ = {isa = PBXFileReference; includeInIndex = 1; lastKnownFileType = text.xcconfig; name = "Pods-Breadit.release.xcconfig"; path = "Pods/Target Support Files/Pods-Breadit/Pods-Breadit.release.xcconfig"; sourceTree = "<group>"; };
		AB6D9F07FB930788218F5A5A /* Pods-Breadit.debug.xcconfig */ = {isa = PBXFileReference; includeInIndex = 1; lastKnownFileType = text.xcconfig; name = "Pods-Breadit.debug.xcconfig"; path = "Pods/Target Support Files/Pods-Breadit/Pods-Breadit.debug.xcconfig"; sourceTree = "<group>"; };
		D9C646CBF9733815AE70102B /* Pods_Breadit.framework */ = {isa = PBXFileReference; explicitFileType = wrapper.framework; includeInIndex = 0; path = Pods_Breadit.framework; sourceTree = BUILT_PRODUCTS_DIR; };
/* End PBXFileReference section */

/* Begin PBXFrameworksBuildPhase section */
		3D4EAE321CCB2E2E001C23AC /* Frameworks */ = {
			isa = PBXFrameworksBuildPhase;
			buildActionMask = 2147483647;
			files = (
				B6021B0FA50AD19ACB487910 /* Pods_Breadit.framework in Frameworks */,
			);
			runOnlyForDeploymentPostprocessing = 0;
		};
/* End PBXFrameworksBuildPhase section */

/* Begin PBXGroup section */
		3D4AEF971CE3CD12000ACEE4 /* Utils */ = {
			isa = PBXGroup;
			children = (
				3D4AEF981CE3CD1E000ACEE4 /* UIColor.swift */,
				3D4AEF9A1CE3D4E8000ACEE4 /* Colors.swift */,
				3D4AEF9C1CE41EE4000ACEE4 /* Theme.swift */,
				3DD431371CE5404400892CBB /* NSURL.swift */,
			);
			name = Utils;
			sourceTree = "<group>";
		};
		3D4EAE2C1CCB2E2E001C23AC = {
			isa = PBXGroup;
			children = (
				3D4EAE371CCB2E2E001C23AC /* Breadit */,
				3D4EAE361CCB2E2E001C23AC /* Products */,
				784DA8E67626E78657D55CC8 /* Pods */,
				A12538A7FB652128A234CC22 /* Frameworks */,
			);
			sourceTree = "<group>";
		};
		3D4EAE361CCB2E2E001C23AC /* Products */ = {
			isa = PBXGroup;
			children = (
				3D4EAE351CCB2E2E001C23AC /* Breadit.app */,
			);
			name = Products;
			sourceTree = "<group>";
		};
		3D4EAE371CCB2E2E001C23AC /* Breadit */ = {
			isa = PBXGroup;
			children = (
				3D4AEF971CE3CD12000ACEE4 /* Utils */,
				5056FF667DB1F49A436AF0A6 /* Models */,
				5056FE2C5067C8DB3EC30A3D /* Views */,
				5056FC442F9ED6FFC75AE229 /* ViewControllers */,
				3D4EAE381CCB2E2E001C23AC /* AppDelegate.swift */,
				3D4EAE411CCB2E2E001C23AC /* Assets.xcassets */,
				3D4EAE431CCB2E2E001C23AC /* LaunchScreen.storyboard */,
				3D4EAE461CCB2E2E001C23AC /* Info.plist */,
				3D4EAE4C1CCBFFC1001C23AC /* RedditAPI.swift */,
				5056F9DBA33BB2D69C3060CD /* SubmissionStore.swift */,
				3D9CBE271CCC9BF10004EACC /* Mango.swift */,
				3D13BC941CD54AAF009193C4 /* MangoWritten.swift */,
				3D13BCA41CD69524009193C4 /* HTMLParser.swift */,
				3D4A9A111CDAF57100449959 /* LoginManager.swift */,
				3D4A9A161CDAF99C00449959 /* Keys.swift */,
				3D1CC7081CE57216006F4CFD /* SubredditStore.swift */,
			);
			path = Breadit;
			sourceTree = "<group>";
		};
		5056FC442F9ED6FFC75AE229 /* ViewControllers */ = {
			isa = PBXGroup;
			children = (
				5056FEF8C31C10C595281F16 /* SubmissionViewController.swift */,
				5056FCE017B2DD0B1EC97D0B /* CommentViewController.swift */,
				3D13BC9E1CD5B3DD009193C4 /* NavigationDrawerViewController.swift */,
				3D13BCA21CD5EEDC009193C4 /* NavigationViewController.swift */,
				3D13BCA61CD69EA6009193C4 /* PreviewViewController.swift */,
				3D4A9A131CDAF6BF00449959 /* LoginViewController.swift */,
				3DD431351CE53E0900892CBB /* YouTubePreviewViewController.swift */,
			);
			path = ViewControllers;
			sourceTree = "<group>";
		};
		5056FE2C5067C8DB3EC30A3D /* Views */ = {
			isa = PBXGroup;
			children = (
				5056F484BCF5AB43FB1FF8EE /* SubmissionCellView.swift */,
				3D9CBE251CCC86370004EACC /* SubmissionImageCellView.swift */,
				3D9CBE2B1CCD82900004EACC /* TextCommentCellView.swift */,
				3D13BC9A1CD5983C009193C4 /* MoreCommentCellView.swift */,
				3D13BC9C1CD59AF6009193C4 /* CommentCellView.swift */,
				3D4DEE771CE17E6400DB4DAD /* BodyLabel.swift */,
				3D4DEE791CE1836700DB4DAD /* BodyLabelDelegate.swift */,
				3DFBFE0F1CE9823100DEE6D4 /* SubmissionSelfPostCellView.swift */,
			);
			path = Views;
			sourceTree = "<group>";
		};
		5056FF667DB1F49A436AF0A6 /* Models */ = {
			isa = PBXGroup;
			children = (
				5056FD916A6AA73ED01BA73C /* Submission.swift */,
				3DF4EE631CD3110100985184 /* TextComment.swift */,
				5056F7AAA2F11CFCDFA0E5F9 /* Comment.swift */,
				5056F72C1DF74F499B250156 /* MoreComment.swift */,
				3D4A9A0F1CDAF2B700449959 /* Account.swift */,
				3D4AEF951CE2BF3C000ACEE4 /* Link.swift */,
				5056F7139AC0005D82CDC87D /* Subreddit.swift */,
			);
			path = Models;
			sourceTree = "<group>";
		};
		784DA8E67626E78657D55CC8 /* Pods */ = {
			isa = PBXGroup;
			children = (
				AB6D9F07FB930788218F5A5A /* Pods-Breadit.debug.xcconfig */,
				81F3F02BD989F1F0A6A87972 /* Pods-Breadit.release.xcconfig */,
			);
			name = Pods;
			sourceTree = "<group>";
		};
		A12538A7FB652128A234CC22 /* Frameworks */ = {
			isa = PBXGroup;
			children = (
				D9C646CBF9733815AE70102B /* Pods_Breadit.framework */,
			);
			name = Frameworks;
			sourceTree = "<group>";
		};
/* End PBXGroup section */

/* Begin PBXNativeTarget section */
		3D4EAE341CCB2E2E001C23AC /* Breadit */ = {
			isa = PBXNativeTarget;
			buildConfigurationList = 3D4EAE491CCB2E2E001C23AC /* Build configuration list for PBXNativeTarget "Breadit" */;
			buildPhases = (
				6C30F68FED460E62E4DC3111 /* Check Pods Manifest.lock */,
				3D4EAE311CCB2E2E001C23AC /* Sources */,
				3D4EAE321CCB2E2E001C23AC /* Frameworks */,
				3D4EAE331CCB2E2E001C23AC /* Resources */,
				4AFCE949331854DAEB25A56C /* Embed Pods Frameworks */,
				76C1ADBB1C606EEB0B7A4FDC /* Copy Pods Resources */,
				3D4DEE761CDD1F7700DB4DAD /* Run Script */,
			);
			buildRules = (
			);
			dependencies = (
			);
			name = Breadit;
			productName = Breadit;
			productReference = 3D4EAE351CCB2E2E001C23AC /* Breadit.app */;
			productType = "com.apple.product-type.application";
		};
/* End PBXNativeTarget section */

/* Begin PBXProject section */
		3D4EAE2D1CCB2E2E001C23AC /* Project object */ = {
			isa = PBXProject;
			attributes = {
				LastSwiftUpdateCheck = 0730;
				LastUpgradeCheck = 0730;
				ORGANIZATIONNAME = "William Hester";
				TargetAttributes = {
					3D4EAE341CCB2E2E001C23AC = {
						CreatedOnToolsVersion = 7.3;
						DevelopmentTeam = RNCBQ7PLQ7;
					};
				};
			};
			buildConfigurationList = 3D4EAE301CCB2E2E001C23AC /* Build configuration list for PBXProject "Breadit" */;
			compatibilityVersion = "Xcode 3.2";
			developmentRegion = English;
			hasScannedForEncodings = 0;
			knownRegions = (
				en,
				Base,
			);
			mainGroup = 3D4EAE2C1CCB2E2E001C23AC;
			productRefGroup = 3D4EAE361CCB2E2E001C23AC /* Products */;
			projectDirPath = "";
			projectRoot = "";
			targets = (
				3D4EAE341CCB2E2E001C23AC /* Breadit */,
			);
		};
/* End PBXProject section */

/* Begin PBXResourcesBuildPhase section */
		3D4EAE331CCB2E2E001C23AC /* Resources */ = {
			isa = PBXResourcesBuildPhase;
			buildActionMask = 2147483647;
			files = (
				3D4EAE451CCB2E2E001C23AC /* LaunchScreen.storyboard in Resources */,
				3D4EAE421CCB2E2E001C23AC /* Assets.xcassets in Resources */,
			);
			runOnlyForDeploymentPostprocessing = 0;
		};
/* End PBXResourcesBuildPhase section */

/* Begin PBXShellScriptBuildPhase section */
		3D4DEE761CDD1F7700DB4DAD /* Run Script */ = {
			isa = PBXShellScriptBuildPhase;
			buildActionMask = 2147483647;
			files = (
			);
			inputPaths = (
			);
			name = "Run Script";
			outputPaths = (
			);
			runOnlyForDeploymentPostprocessing = 0;
			shellPath = /bin/sh;
			shellScript = "";
		};
		4AFCE949331854DAEB25A56C /* Embed Pods Frameworks */ = {
			isa = PBXShellScriptBuildPhase;
			buildActionMask = 2147483647;
			files = (
			);
			inputPaths = (
			);
			name = "Embed Pods Frameworks";
			outputPaths = (
			);
			runOnlyForDeploymentPostprocessing = 0;
			shellPath = /bin/sh;
			shellScript = "\"${SRCROOT}/Pods/Target Support Files/Pods-Breadit/Pods-Breadit-frameworks.sh\"\n";
			showEnvVarsInLog = 0;
		};
		6C30F68FED460E62E4DC3111 /* Check Pods Manifest.lock */ = {
			isa = PBXShellScriptBuildPhase;
			buildActionMask = 2147483647;
			files = (
			);
			inputPaths = (
			);
			name = "Check Pods Manifest.lock";
			outputPaths = (
			);
			runOnlyForDeploymentPostprocessing = 0;
			shellPath = /bin/sh;
			shellScript = "diff \"${PODS_ROOT}/../Podfile.lock\" \"${PODS_ROOT}/Manifest.lock\" > /dev/null\nif [[ $? != 0 ]] ; then\n    cat << EOM\nerror: The sandbox is not in sync with the Podfile.lock. Run 'pod install' or update your CocoaPods installation.\nEOM\n    exit 1\nfi\n";
			showEnvVarsInLog = 0;
		};
		76C1ADBB1C606EEB0B7A4FDC /* Copy Pods Resources */ = {
			isa = PBXShellScriptBuildPhase;
			buildActionMask = 2147483647;
			files = (
			);
			inputPaths = (
			);
			name = "Copy Pods Resources";
			outputPaths = (
			);
			runOnlyForDeploymentPostprocessing = 0;
			shellPath = /bin/sh;
			shellScript = "\"${SRCROOT}/Pods/Target Support Files/Pods-Breadit/Pods-Breadit-resources.sh\"\n";
			showEnvVarsInLog = 0;
		};
/* End PBXShellScriptBuildPhase section */

/* Begin PBXSourcesBuildPhase section */
		3D4EAE311CCB2E2E001C23AC /* Sources */ = {
			isa = PBXSourcesBuildPhase;
			buildActionMask = 2147483647;
			files = (
				3D13BC9B1CD5983C009193C4 /* MoreCommentCellView.swift in Sources */,
				3D13BC9F1CD5B3DD009193C4 /* NavigationDrawerViewController.swift in Sources */,
				3D4AEF961CE2BF3C000ACEE4 /* Link.swift in Sources */,
				3D4EAE4D1CCBFFC1001C23AC /* RedditAPI.swift in Sources */,
				3D4AEF9B1CE3D4E8000ACEE4 /* Colors.swift in Sources */,
				3D4EAE391CCB2E2E001C23AC /* AppDelegate.swift in Sources */,
				3D4A9A101CDAF2B700449959 /* Account.swift in Sources */,
				3D9CBE2C1CCD82900004EACC /* TextCommentCellView.swift in Sources */,
				5056F8F8C234C697A676DF09 /* Submission.swift in Sources */,
				3D9CBE281CCC9BF10004EACC /* Mango.swift in Sources */,
				3D1CC7091CE57216006F4CFD /* SubredditStore.swift in Sources */,
				3D9CBE261CCC86370004EACC /* SubmissionImageCellView.swift in Sources */,
				3DF4EE641CD3110100985184 /* TextComment.swift in Sources */,
				3D13BCA51CD69524009193C4 /* HTMLParser.swift in Sources */,
				3D4A9A141CDAF6BF00449959 /* LoginViewController.swift in Sources */,
				3DD431361CE53E0900892CBB /* YouTubePreviewViewController.swift in Sources */,
				3D13BCA71CD69EA6009193C4 /* PreviewViewController.swift in Sources */,
				3D4DEE7A1CE1836700DB4DAD /* BodyLabelDelegate.swift in Sources */,
				5056F646C416ADAA6764C5AD /* SubmissionViewController.swift in Sources */,
				3D13BCA31CD5EEDC009193C4 /* NavigationViewController.swift in Sources */,
				3D4AEF991CE3CD1E000ACEE4 /* UIColor.swift in Sources */,
				3D4A9A171CDAF99C00449959 /* Keys.swift in Sources */,
				3D4DEE781CE17E6400DB4DAD /* BodyLabel.swift in Sources */,
				3DFBFE101CE9823100DEE6D4 /* SubmissionSelfPostCellView.swift in Sources */,
				5056F9EE31D841816201EEB7 /* CommentViewController.swift in Sources */,
				3D4A9A121CDAF57200449959 /* LoginManager.swift in Sources */,
				3D4AEF9D1CE41EE4000ACEE4 /* Theme.swift in Sources */,
				5056FE9AC46822F4A2665389 /* SubmissionStore.swift in Sources */,
				5056F90CD7C987E083B8A6D4 /* SubmissionCellView.swift in Sources */,
				3D13BC9D1CD59AF6009193C4 /* CommentCellView.swift in Sources */,
				3D13BC951CD54AAF009193C4 /* MangoWritten.swift in Sources */,
				5056F6FD12FB503AA6314F94 /* Comment.swift in Sources */,
				3DD431381CE5404400892CBB /* NSURL.swift in Sources */,
				5056F522FCC477BEE6475337 /* MoreComment.swift in Sources */,
				5056F83AAD6949AB33478950 /* Subreddit.swift in Sources */,
			);
			runOnlyForDeploymentPostprocessing = 0;
		};
/* End PBXSourcesBuildPhase section */

/* Begin PBXVariantGroup section */
		3D4EAE431CCB2E2E001C23AC /* LaunchScreen.storyboard */ = {
			isa = PBXVariantGroup;
			children = (
				3D4EAE441CCB2E2E001C23AC /* Base */,
			);
			name = LaunchScreen.storyboard;
			sourceTree = "<group>";
		};
/* End PBXVariantGroup section */

/* Begin XCBuildConfiguration section */
		3D4EAE471CCB2E2E001C23AC /* Debug */ = {
			isa = XCBuildConfiguration;
			buildSettings = {
				ALWAYS_SEARCH_USER_PATHS = NO;
				CLANG_ANALYZER_NONNULL = YES;
				CLANG_CXX_LANGUAGE_STANDARD = "gnu++0x";
				CLANG_CXX_LIBRARY = "libc++";
				CLANG_ENABLE_MODULES = YES;
				CLANG_ENABLE_OBJC_ARC = YES;
				CLANG_WARN_BOOL_CONVERSION = YES;
				CLANG_WARN_CONSTANT_CONVERSION = YES;
				CLANG_WARN_DIRECT_OBJC_ISA_USAGE = YES_ERROR;
				CLANG_WARN_EMPTY_BODY = YES;
				CLANG_WARN_ENUM_CONVERSION = YES;
				CLANG_WARN_INT_CONVERSION = YES;
				CLANG_WARN_OBJC_ROOT_CLASS = YES_ERROR;
				CLANG_WARN_UNREACHABLE_CODE = YES;
				CLANG_WARN__DUPLICATE_METHOD_MATCH = YES;
				"CODE_SIGN_IDENTITY[sdk=iphoneos*]" = "iPhone Developer";
				COPY_PHASE_STRIP = NO;
				DEBUG_INFORMATION_FORMAT = dwarf;
				ENABLE_STRICT_OBJC_MSGSEND = YES;
				ENABLE_TESTABILITY = YES;
				GCC_C_LANGUAGE_STANDARD = gnu99;
				GCC_DYNAMIC_NO_PIC = NO;
				GCC_NO_COMMON_BLOCKS = YES;
				GCC_OPTIMIZATION_LEVEL = 0;
				GCC_PREPROCESSOR_DEFINITIONS = (
					"DEBUG=1",
					"$(inherited)",
				);
				GCC_WARN_64_TO_32_BIT_CONVERSION = YES;
				GCC_WARN_ABOUT_RETURN_TYPE = YES_ERROR;
				GCC_WARN_UNDECLARED_SELECTOR = YES;
				GCC_WARN_UNINITIALIZED_AUTOS = YES_AGGRESSIVE;
				GCC_WARN_UNUSED_FUNCTION = YES;
				GCC_WARN_UNUSED_VARIABLE = YES;
				IPHONEOS_DEPLOYMENT_TARGET = 9.3;
				MTL_ENABLE_DEBUG_INFO = YES;
				ONLY_ACTIVE_ARCH = YES;
				SDKROOT = iphoneos;
				SWIFT_OPTIMIZATION_LEVEL = "-Onone";
				TARGETED_DEVICE_FAMILY = "1,2";
			};
			name = Debug;
		};
		3D4EAE481CCB2E2E001C23AC /* Release */ = {
			isa = XCBuildConfiguration;
			buildSettings = {
				ALWAYS_SEARCH_USER_PATHS = NO;
				CLANG_ANALYZER_NONNULL = YES;
				CLANG_CXX_LANGUAGE_STANDARD = "gnu++0x";
				CLANG_CXX_LIBRARY = "libc++";
				CLANG_ENABLE_MODULES = YES;
				CLANG_ENABLE_OBJC_ARC = YES;
				CLANG_WARN_BOOL_CONVERSION = YES;
				CLANG_WARN_CONSTANT_CONVERSION = YES;
				CLANG_WARN_DIRECT_OBJC_ISA_USAGE = YES_ERROR;
				CLANG_WARN_EMPTY_BODY = YES;
				CLANG_WARN_ENUM_CONVERSION = YES;
				CLANG_WARN_INT_CONVERSION = YES;
				CLANG_WARN_OBJC_ROOT_CLASS = YES_ERROR;
				CLANG_WARN_UNREACHABLE_CODE = YES;
				CLANG_WARN__DUPLICATE_METHOD_MATCH = YES;
				"CODE_SIGN_IDENTITY[sdk=iphoneos*]" = "iPhone Developer";
				COPY_PHASE_STRIP = NO;
				DEBUG_INFORMATION_FORMAT = "dwarf-with-dsym";
				ENABLE_NS_ASSERTIONS = NO;
				ENABLE_STRICT_OBJC_MSGSEND = YES;
				GCC_C_LANGUAGE_STANDARD = gnu99;
				GCC_NO_COMMON_BLOCKS = YES;
				GCC_WARN_64_TO_32_BIT_CONVERSION = YES;
				GCC_WARN_ABOUT_RETURN_TYPE = YES_ERROR;
				GCC_WARN_UNDECLARED_SELECTOR = YES;
				GCC_WARN_UNINITIALIZED_AUTOS = YES_AGGRESSIVE;
				GCC_WARN_UNUSED_FUNCTION = YES;
				GCC_WARN_UNUSED_VARIABLE = YES;
				IPHONEOS_DEPLOYMENT_TARGET = 9.3;
				MTL_ENABLE_DEBUG_INFO = NO;
				SDKROOT = iphoneos;
				TARGETED_DEVICE_FAMILY = "1,2";
				VALIDATE_PRODUCT = YES;
			};
			name = Release;
		};
		3D4EAE4A1CCB2E2E001C23AC /* Debug */ = {
			isa = XCBuildConfiguration;
			baseConfigurationReference = AB6D9F07FB930788218F5A5A /* Pods-Breadit.debug.xcconfig */;
			buildSettings = {
				ASSETCATALOG_COMPILER_APPICON_NAME = AppIcon;
				INFOPLIST_FILE = Breadit/Info.plist;
				LD_RUNPATH_SEARCH_PATHS = "$(inherited) @executable_path/Frameworks";
				PRODUCT_BUNDLE_IDENTIFIER = me.williamhester.Breadit;
				PRODUCT_NAME = "$(TARGET_NAME)";
			};
			name = Debug;
		};
		3D4EAE4B1CCB2E2E001C23AC /* Release */ = {
			isa = XCBuildConfiguration;
			baseConfigurationReference = 81F3F02BD989F1F0A6A87972 /* Pods-Breadit.release.xcconfig */;
			buildSettings = {
				ASSETCATALOG_COMPILER_APPICON_NAME = AppIcon;
				INFOPLIST_FILE = Breadit/Info.plist;
				LD_RUNPATH_SEARCH_PATHS = "$(inherited) @executable_path/Frameworks";
				PRODUCT_BUNDLE_IDENTIFIER = me.williamhester.Breadit;
				PRODUCT_NAME = "$(TARGET_NAME)";
			};
			name = Release;
		};
/* End XCBuildConfiguration section */

/* Begin XCConfigurationList section */
		3D4EAE301CCB2E2E001C23AC /* Build configuration list for PBXProject "Breadit" */ = {
			isa = XCConfigurationList;
			buildConfigurations = (
				3D4EAE471CCB2E2E001C23AC /* Debug */,
				3D4EAE481CCB2E2E001C23AC /* Release */,
			);
			defaultConfigurationIsVisible = 0;
			defaultConfigurationName = Release;
		};
		3D4EAE491CCB2E2E001C23AC /* Build configuration list for PBXNativeTarget "Breadit" */ = {
			isa = XCConfigurationList;
			buildConfigurations = (
				3D4EAE4A1CCB2E2E001C23AC /* Debug */,
				3D4EAE4B1CCB2E2E001C23AC /* Release */,
			);
			defaultConfigurationIsVisible = 0;
			defaultConfigurationName = Release;
		};
/* End XCConfigurationList section */
	};
	rootObject = 3D4EAE2D1CCB2E2E001C23AC /* Project object */;
}
